// !$*UTF8*$!
{
	archiveVersion = 1;
	classes = {
	};
	objectVersion = 56;
	objects = {

/* Begin PBXBuildFile section */
		2AB8EAD829E078C1004AC5D6 /* Dependencies in Frameworks */ = {isa = PBXBuildFile; productRef = 2AB8EAD729E078C1004AC5D6 /* Dependencies */; };
		2AB8EADB29E07A70004AC5D6 /* BluetoothClient in Frameworks */ = {isa = PBXBuildFile; productRef = 2AB8EADA29E07A70004AC5D6 /* BluetoothClient */; };
		2AB9D95C29FF300B00D8E8E7 /* StylePackage in Frameworks */ = {isa = PBXBuildFile; productRef = 2AB9D95B29FF300B00D8E8E7 /* StylePackage */; };
		2ADC9D2A29FFF7ED000B412F /* HomeTabbar in Frameworks */ = {isa = PBXBuildFile; productRef = 2ADC9D2929FFF7ED000B412F /* HomeTabbar */; };
		2ADC9D2C2A001354000B412F /* AddDevice in Frameworks */ = {isa = PBXBuildFile; productRef = 2ADC9D2B2A001354000B412F /* AddDevice */; };
		2ADC9D2E2A03B80C000B412F /* EnvVars.swift in Sources */ = {isa = PBXBuildFile; fileRef = 2ADC9D2D2A03B80C000B412F /* EnvVars.swift */; };
		2ADC9D302A03BC91000B412F /* LiveDependencies.swift in Sources */ = {isa = PBXBuildFile; fileRef = 2ADC9D2F2A03BC91000B412F /* LiveDependencies.swift */; };
		2ADC9D322A03BD1C000B412F /* PersistenceClient in Frameworks */ = {isa = PBXBuildFile; productRef = 2ADC9D312A03BD1C000B412F /* PersistenceClient */; };
		E25B788129B4D4D500527F4A /* Epilepsy_ECGApp.swift in Sources */ = {isa = PBXBuildFile; fileRef = E25B788029B4D4D500527F4A /* Epilepsy_ECGApp.swift */; };
		E25B788329B4D4D500527F4A /* HomeView.swift in Sources */ = {isa = PBXBuildFile; fileRef = E25B788229B4D4D500527F4A /* HomeView.swift */; };
		E25B788529B4D4D600527F4A /* Assets.xcassets in Resources */ = {isa = PBXBuildFile; fileRef = E25B788429B4D4D600527F4A /* Assets.xcassets */; };
		E25B788929B4D4D600527F4A /* Preview Assets.xcassets in Resources */ = {isa = PBXBuildFile; fileRef = E25B788829B4D4D600527F4A /* Preview Assets.xcassets */; };
/* End PBXBuildFile section */

/* Begin PBXFileReference section */
		2ADC9D2D2A03B80C000B412F /* EnvVars.swift */ = {isa = PBXFileReference; lastKnownFileType = sourcecode.swift; path = EnvVars.swift; sourceTree = "<group>"; };
		2ADC9D2F2A03BC91000B412F /* LiveDependencies.swift */ = {isa = PBXFileReference; lastKnownFileType = sourcecode.swift; path = LiveDependencies.swift; sourceTree = "<group>"; };
		E23F0FB229B4DFD800A93242 /* Packages */ = {isa = PBXFileReference; lastKnownFileType = wrapper; path = Packages; sourceTree = "<group>"; };
		E25B787D29B4D4D500527F4A /* Epilepsy-ECG.app */ = {isa = PBXFileReference; explicitFileType = wrapper.application; includeInIndex = 0; path = "Epilepsy-ECG.app"; sourceTree = BUILT_PRODUCTS_DIR; };
		E25B788029B4D4D500527F4A /* Epilepsy_ECGApp.swift */ = {isa = PBXFileReference; lastKnownFileType = sourcecode.swift; path = Epilepsy_ECGApp.swift; sourceTree = "<group>"; };
		E25B788229B4D4D500527F4A /* HomeView.swift */ = {isa = PBXFileReference; lastKnownFileType = sourcecode.swift; path = HomeView.swift; sourceTree = "<group>"; };
		E25B788429B4D4D600527F4A /* Assets.xcassets */ = {isa = PBXFileReference; lastKnownFileType = folder.assetcatalog; path = Assets.xcassets; sourceTree = "<group>"; };
		E25B788629B4D4D600527F4A /* Epilepsy_ECG.entitlements */ = {isa = PBXFileReference; lastKnownFileType = text.plist.entitlements; path = Epilepsy_ECG.entitlements; sourceTree = "<group>"; };
		E25B788829B4D4D600527F4A /* Preview Assets.xcassets */ = {isa = PBXFileReference; lastKnownFileType = folder.assetcatalog; path = "Preview Assets.xcassets"; sourceTree = "<group>"; };
/* End PBXFileReference section */

/* Begin PBXFrameworksBuildPhase section */
		E25B787A29B4D4D500527F4A /* Frameworks */ = {
			isa = PBXFrameworksBuildPhase;
			buildActionMask = 2147483647;
			files = (
				2AB8EADB29E07A70004AC5D6 /* BluetoothClient in Frameworks */,
				2AB9D95C29FF300B00D8E8E7 /* StylePackage in Frameworks */,
				2ADC9D2A29FFF7ED000B412F /* HomeTabbar in Frameworks */,
				2ADC9D322A03BD1C000B412F /* PersistenceClient in Frameworks */,
				2AB8EAD829E078C1004AC5D6 /* Dependencies in Frameworks */,
				2ADC9D2C2A001354000B412F /* AddDevice in Frameworks */,
			);
			runOnlyForDeploymentPostprocessing = 0;
		};
/* End PBXFrameworksBuildPhase section */

/* Begin PBXGroup section */
		2AB8EAD929E07A70004AC5D6 /* Frameworks */ = {
			isa = PBXGroup;
			children = (
			);
			name = Frameworks;
			sourceTree = "<group>";
		};
		E25B787429B4D4D500527F4A = {
			isa = PBXGroup;
			children = (
				E23F0FB229B4DFD800A93242 /* Packages */,
				E25B787F29B4D4D500527F4A /* Epilepsy ECG */,
				E25B787E29B4D4D500527F4A /* Products */,
				2AB8EAD929E07A70004AC5D6 /* Frameworks */,
			);
			sourceTree = "<group>";
		};
		E25B787E29B4D4D500527F4A /* Products */ = {
			isa = PBXGroup;
			children = (
				E25B787D29B4D4D500527F4A /* Epilepsy-ECG.app */,
			);
			name = Products;
			sourceTree = "<group>";
		};
		E25B787F29B4D4D500527F4A /* Epilepsy ECG */ = {
			isa = PBXGroup;
			children = (
				E25B788029B4D4D500527F4A /* Epilepsy_ECGApp.swift */,
				E25B788229B4D4D500527F4A /* HomeView.swift */,
				2ADC9D2F2A03BC91000B412F /* LiveDependencies.swift */,
				2ADC9D2D2A03B80C000B412F /* EnvVars.swift */,
				E25B788429B4D4D600527F4A /* Assets.xcassets */,
				E25B788629B4D4D600527F4A /* Epilepsy_ECG.entitlements */,
				E25B788729B4D4D600527F4A /* Preview Content */,
			);
			path = "Epilepsy ECG";
			sourceTree = "<group>";
		};
		E25B788729B4D4D600527F4A /* Preview Content */ = {
			isa = PBXGroup;
			children = (
				E25B788829B4D4D600527F4A /* Preview Assets.xcassets */,
			);
			path = "Preview Content";
			sourceTree = "<group>";
		};
/* End PBXGroup section */

/* Begin PBXNativeTarget section */
		E25B787C29B4D4D500527F4A /* Epilepsy-ECG */ = {
			isa = PBXNativeTarget;
			buildConfigurationList = E25B788C29B4D4D600527F4A /* Build configuration list for PBXNativeTarget "Epilepsy-ECG" */;
			buildPhases = (
				E25B787929B4D4D500527F4A /* Sources */,
				E25B787A29B4D4D500527F4A /* Frameworks */,
				E25B787B29B4D4D500527F4A /* Resources */,
			);
			buildRules = (
			);
			dependencies = (
			);
			name = "Epilepsy-ECG";
			packageProductDependencies = (
				2AB8EAD729E078C1004AC5D6 /* Dependencies */,
				2AB8EADA29E07A70004AC5D6 /* BluetoothClient */,
				2AB9D95B29FF300B00D8E8E7 /* StylePackage */,
				2ADC9D2929FFF7ED000B412F /* HomeTabbar */,
				2ADC9D2B2A001354000B412F /* AddDevice */,
				2ADC9D312A03BD1C000B412F /* PersistenceClient */,
			);
			productName = "Epilepsy ECG";
			productReference = E25B787D29B4D4D500527F4A /* Epilepsy-ECG.app */;
			productType = "com.apple.product-type.application";
		};
/* End PBXNativeTarget section */

/* Begin PBXProject section */
		E25B787529B4D4D500527F4A /* Project object */ = {
			isa = PBXProject;
			attributes = {
				BuildIndependentTargetsInParallel = 1;
				LastSwiftUpdateCheck = 1400;
				LastUpgradeCheck = 1400;
				TargetAttributes = {
					E25B787C29B4D4D500527F4A = {
						CreatedOnToolsVersion = 14.0.1;
					};
				};
			};
			buildConfigurationList = E25B787829B4D4D500527F4A /* Build configuration list for PBXProject "Epilepsy-ECG" */;
			compatibilityVersion = "Xcode 14.0";
			developmentRegion = en;
			hasScannedForEncodings = 0;
			knownRegions = (
				en,
				Base,
			);
			mainGroup = E25B787429B4D4D500527F4A;
			packageReferences = (
				2AB8EAD629E078C1004AC5D6 /* XCRemoteSwiftPackageReference "swift-dependencies" */,
			);
			productRefGroup = E25B787E29B4D4D500527F4A /* Products */;
			projectDirPath = "";
			projectRoot = "";
			targets = (
				E25B787C29B4D4D500527F4A /* Epilepsy-ECG */,
			);
		};
/* End PBXProject section */

/* Begin PBXResourcesBuildPhase section */
		E25B787B29B4D4D500527F4A /* Resources */ = {
			isa = PBXResourcesBuildPhase;
			buildActionMask = 2147483647;
			files = (
				E25B788929B4D4D600527F4A /* Preview Assets.xcassets in Resources */,
				E25B788529B4D4D600527F4A /* Assets.xcassets in Resources */,
			);
			runOnlyForDeploymentPostprocessing = 0;
		};
/* End PBXResourcesBuildPhase section */

/* Begin PBXSourcesBuildPhase section */
		E25B787929B4D4D500527F4A /* Sources */ = {
			isa = PBXSourcesBuildPhase;
			buildActionMask = 2147483647;
			files = (
				2ADC9D302A03BC91000B412F /* LiveDependencies.swift in Sources */,
				2ADC9D2E2A03B80C000B412F /* EnvVars.swift in Sources */,
				E25B788329B4D4D500527F4A /* HomeView.swift in Sources */,
				E25B788129B4D4D500527F4A /* Epilepsy_ECGApp.swift in Sources */,
			);
			runOnlyForDeploymentPostprocessing = 0;
		};
/* End PBXSourcesBuildPhase section */

/* Begin XCBuildConfiguration section */
		E25B788A29B4D4D600527F4A /* Debug */ = {
			isa = XCBuildConfiguration;
			buildSettings = {
				ALWAYS_SEARCH_USER_PATHS = NO;
				CLANG_ANALYZER_NONNULL = YES;
				CLANG_ANALYZER_NUMBER_OBJECT_CONVERSION = YES_AGGRESSIVE;
				CLANG_CXX_LANGUAGE_STANDARD = "gnu++20";
				CLANG_ENABLE_MODULES = YES;
				CLANG_ENABLE_OBJC_ARC = YES;
				CLANG_ENABLE_OBJC_WEAK = YES;
				CLANG_WARN_BLOCK_CAPTURE_AUTORELEASING = YES;
				CLANG_WARN_BOOL_CONVERSION = YES;
				CLANG_WARN_COMMA = YES;
				CLANG_WARN_CONSTANT_CONVERSION = YES;
				CLANG_WARN_DEPRECATED_OBJC_IMPLEMENTATIONS = YES;
				CLANG_WARN_DIRECT_OBJC_ISA_USAGE = YES_ERROR;
				CLANG_WARN_DOCUMENTATION_COMMENTS = YES;
				CLANG_WARN_EMPTY_BODY = YES;
				CLANG_WARN_ENUM_CONVERSION = YES;
				CLANG_WARN_INFINITE_RECURSION = YES;
				CLANG_WARN_INT_CONVERSION = YES;
				CLANG_WARN_NON_LITERAL_NULL_CONVERSION = YES;
				CLANG_WARN_OBJC_IMPLICIT_RETAIN_SELF = YES;
				CLANG_WARN_OBJC_LITERAL_CONVERSION = YES;
				CLANG_WARN_OBJC_ROOT_CLASS = YES_ERROR;
				CLANG_WARN_QUOTED_INCLUDE_IN_FRAMEWORK_HEADER = YES;
				CLANG_WARN_RANGE_LOOP_ANALYSIS = YES;
				CLANG_WARN_STRICT_PROTOTYPES = YES;
				CLANG_WARN_SUSPICIOUS_MOVE = YES;
				CLANG_WARN_UNGUARDED_AVAILABILITY = YES_AGGRESSIVE;
				CLANG_WARN_UNREACHABLE_CODE = YES;
				CLANG_WARN__DUPLICATE_METHOD_MATCH = YES;
				COPY_PHASE_STRIP = NO;
				DEBUG_INFORMATION_FORMAT = dwarf;
				ENABLE_STRICT_OBJC_MSGSEND = YES;
				ENABLE_TESTABILITY = YES;
				GCC_C_LANGUAGE_STANDARD = gnu11;
				GCC_DYNAMIC_NO_PIC = NO;
				GCC_NO_COMMON_BLOCKS = YES;
				GCC_OPTIMIZATION_LEVEL = 0;
				GCC_PREPROCESSOR_DEFINITIONS = (
					"DEBUG=1",
					"$(inherited)",
				);
				GCC_WARN_64_TO_32_BIT_CONVERSION = YES;
				GCC_WARN_ABOUT_RETURN_TYPE = YES_ERROR;
				GCC_WARN_UNDECLARED_SELECTOR = YES;
				GCC_WARN_UNINITIALIZED_AUTOS = YES_AGGRESSIVE;
				GCC_WARN_UNUSED_FUNCTION = YES;
				GCC_WARN_UNUSED_VARIABLE = YES;
				MACOSX_DEPLOYMENT_TARGET = 10.15;
				MTL_ENABLE_DEBUG_INFO = INCLUDE_SOURCE;
				MTL_FAST_MATH = YES;
				ONLY_ACTIVE_ARCH = YES;
				SWIFT_ACTIVE_COMPILATION_CONDITIONS = DEBUG;
				SWIFT_OPTIMIZATION_LEVEL = "-Onone";
			};
			name = Debug;
		};
		E25B788B29B4D4D600527F4A /* Release */ = {
			isa = XCBuildConfiguration;
			buildSettings = {
				ALWAYS_SEARCH_USER_PATHS = NO;
				CLANG_ANALYZER_NONNULL = YES;
				CLANG_ANALYZER_NUMBER_OBJECT_CONVERSION = YES_AGGRESSIVE;
				CLANG_CXX_LANGUAGE_STANDARD = "gnu++20";
				CLANG_ENABLE_MODULES = YES;
				CLANG_ENABLE_OBJC_ARC = YES;
				CLANG_ENABLE_OBJC_WEAK = YES;
				CLANG_WARN_BLOCK_CAPTURE_AUTORELEASING = YES;
				CLANG_WARN_BOOL_CONVERSION = YES;
				CLANG_WARN_COMMA = YES;
				CLANG_WARN_CONSTANT_CONVERSION = YES;
				CLANG_WARN_DEPRECATED_OBJC_IMPLEMENTATIONS = YES;
				CLANG_WARN_DIRECT_OBJC_ISA_USAGE = YES_ERROR;
				CLANG_WARN_DOCUMENTATION_COMMENTS = YES;
				CLANG_WARN_EMPTY_BODY = YES;
				CLANG_WARN_ENUM_CONVERSION = YES;
				CLANG_WARN_INFINITE_RECURSION = YES;
				CLANG_WARN_INT_CONVERSION = YES;
				CLANG_WARN_NON_LITERAL_NULL_CONVERSION = YES;
				CLANG_WARN_OBJC_IMPLICIT_RETAIN_SELF = YES;
				CLANG_WARN_OBJC_LITERAL_CONVERSION = YES;
				CLANG_WARN_OBJC_ROOT_CLASS = YES_ERROR;
				CLANG_WARN_QUOTED_INCLUDE_IN_FRAMEWORK_HEADER = YES;
				CLANG_WARN_RANGE_LOOP_ANALYSIS = YES;
				CLANG_WARN_STRICT_PROTOTYPES = YES;
				CLANG_WARN_SUSPICIOUS_MOVE = YES;
				CLANG_WARN_UNGUARDED_AVAILABILITY = YES_AGGRESSIVE;
				CLANG_WARN_UNREACHABLE_CODE = YES;
				CLANG_WARN__DUPLICATE_METHOD_MATCH = YES;
				COPY_PHASE_STRIP = NO;
				DEBUG_INFORMATION_FORMAT = "dwarf-with-dsym";
				ENABLE_NS_ASSERTIONS = NO;
				ENABLE_STRICT_OBJC_MSGSEND = YES;
				GCC_C_LANGUAGE_STANDARD = gnu11;
				GCC_NO_COMMON_BLOCKS = YES;
				GCC_WARN_64_TO_32_BIT_CONVERSION = YES;
				GCC_WARN_ABOUT_RETURN_TYPE = YES_ERROR;
				GCC_WARN_UNDECLARED_SELECTOR = YES;
				GCC_WARN_UNINITIALIZED_AUTOS = YES_AGGRESSIVE;
				GCC_WARN_UNUSED_FUNCTION = YES;
				GCC_WARN_UNUSED_VARIABLE = YES;
				MACOSX_DEPLOYMENT_TARGET = 10.15;
				MTL_ENABLE_DEBUG_INFO = NO;
				MTL_FAST_MATH = YES;
				SWIFT_COMPILATION_MODE = wholemodule;
				SWIFT_OPTIMIZATION_LEVEL = "-O";
			};
			name = Release;
		};
		E25B788D29B4D4D600527F4A /* Debug */ = {
			isa = XCBuildConfiguration;
			buildSettings = {
				ASSETCATALOG_COMPILER_APPICON_NAME = AppIcon;
				ASSETCATALOG_COMPILER_GLOBAL_ACCENT_COLOR_NAME = AccentColor;
				CODE_SIGN_ENTITLEMENTS = "Epilepsy ECG/Epilepsy_ECG.entitlements";
				CODE_SIGN_STYLE = Automatic;
				CURRENT_PROJECT_VERSION = 1;
				DEVELOPMENT_ASSET_PATHS = "\"Epilepsy ECG/Preview Content\"";
				DEVELOPMENT_TEAM = AG3VJ2V2PK;
				ENABLE_HARDENED_RUNTIME = YES;
				ENABLE_PREVIEWS = YES;
				GENERATE_INFOPLIST_FILE = YES;
				INFOPLIST_FILE = "Epilepsy-ECG-Info.plist";
				INFOPLIST_KEY_NSBluetoothAlwaysUsageDescription = "We need to access bluetooth for always in usage";
				INFOPLIST_KEY_NSBluetoothPeripheralUsageDescription = "We need to access bluetooth";
				"INFOPLIST_KEY_UIApplicationSceneManifest_Generation[sdk=iphoneos*]" = YES;
				"INFOPLIST_KEY_UIApplicationSceneManifest_Generation[sdk=iphonesimulator*]" = YES;
				"INFOPLIST_KEY_UIApplicationSupportsIndirectInputEvents[sdk=iphoneos*]" = YES;
				"INFOPLIST_KEY_UIApplicationSupportsIndirectInputEvents[sdk=iphonesimulator*]" = YES;
				"INFOPLIST_KEY_UILaunchScreen_Generation[sdk=iphoneos*]" = YES;
				"INFOPLIST_KEY_UILaunchScreen_Generation[sdk=iphonesimulator*]" = YES;
				"INFOPLIST_KEY_UIStatusBarStyle[sdk=iphoneos*]" = UIStatusBarStyleDefault;
				"INFOPLIST_KEY_UIStatusBarStyle[sdk=iphonesimulator*]" = UIStatusBarStyleDefault;
				INFOPLIST_KEY_UISupportedInterfaceOrientations_iPad = "UIInterfaceOrientationPortrait UIInterfaceOrientationPortraitUpsideDown UIInterfaceOrientationLandscapeLeft UIInterfaceOrientationLandscapeRight";
				INFOPLIST_KEY_UISupportedInterfaceOrientations_iPhone = "UIInterfaceOrientationPortrait UIInterfaceOrientationLandscapeLeft UIInterfaceOrientationLandscapeRight";
				IPHONEOS_DEPLOYMENT_TARGET = 16.0;
				LD_RUNPATH_SEARCH_PATHS = "@executable_path/Frameworks";
				"LD_RUNPATH_SEARCH_PATHS[sdk=macosx*]" = "@executable_path/../Frameworks";
				MACOSX_DEPLOYMENT_TARGET = 12.3;
				MARKETING_VERSION = 1.0;
				PRODUCT_BUNDLE_IDENTIFIER = "dk.dtu.compute.Epilepsy-ECG";
				PRODUCT_NAME = "$(TARGET_NAME)";
				SDKROOT = auto;
				SUPPORTED_PLATFORMS = "iphoneos iphonesimulator";
				SUPPORTS_MACCATALYST = NO;
				SUPPORTS_MAC_DESIGNED_FOR_IPHONE_IPAD = NO;
				SWIFT_EMIT_LOC_STRINGS = YES;
				SWIFT_VERSION = 5.0;
				TARGETED_DEVICE_FAMILY = "1,2";
			};
			name = Debug;
		};
		E25B788E29B4D4D600527F4A /* Release */ = {
			isa = XCBuildConfiguration;
			buildSettings = {
				ASSETCATALOG_COMPILER_APPICON_NAME = AppIcon;
				ASSETCATALOG_COMPILER_GLOBAL_ACCENT_COLOR_NAME = AccentColor;
				CODE_SIGN_ENTITLEMENTS = "Epilepsy ECG/Epilepsy_ECG.entitlements";
				CODE_SIGN_STYLE = Automatic;
				CURRENT_PROJECT_VERSION = 1;
				DEVELOPMENT_ASSET_PATHS = "\"Epilepsy ECG/Preview Content\"";
				DEVELOPMENT_TEAM = AG3VJ2V2PK;
				ENABLE_HARDENED_RUNTIME = YES;
				ENABLE_PREVIEWS = YES;
				GENERATE_INFOPLIST_FILE = YES;
				INFOPLIST_FILE = "Epilepsy-ECG-Info.plist";
				INFOPLIST_KEY_NSBluetoothAlwaysUsageDescription = "We need to access bluetooth for always in usage";
				INFOPLIST_KEY_NSBluetoothPeripheralUsageDescription = "We need to access bluetooth";
				"INFOPLIST_KEY_UIApplicationSceneManifest_Generation[sdk=iphoneos*]" = YES;
				"INFOPLIST_KEY_UIApplicationSceneManifest_Generation[sdk=iphonesimulator*]" = YES;
				"INFOPLIST_KEY_UIApplicationSupportsIndirectInputEvents[sdk=iphoneos*]" = YES;
				"INFOPLIST_KEY_UIApplicationSupportsIndirectInputEvents[sdk=iphonesimulator*]" = YES;
				"INFOPLIST_KEY_UILaunchScreen_Generation[sdk=iphoneos*]" = YES;
				"INFOPLIST_KEY_UILaunchScreen_Generation[sdk=iphonesimulator*]" = YES;
				"INFOPLIST_KEY_UIStatusBarStyle[sdk=iphoneos*]" = UIStatusBarStyleDefault;
				"INFOPLIST_KEY_UIStatusBarStyle[sdk=iphonesimulator*]" = UIStatusBarStyleDefault;
				INFOPLIST_KEY_UISupportedInterfaceOrientations_iPad = "UIInterfaceOrientationPortrait UIInterfaceOrientationPortraitUpsideDown UIInterfaceOrientationLandscapeLeft UIInterfaceOrientationLandscapeRight";
				INFOPLIST_KEY_UISupportedInterfaceOrientations_iPhone = "UIInterfaceOrientationPortrait UIInterfaceOrientationLandscapeLeft UIInterfaceOrientationLandscapeRight";
				IPHONEOS_DEPLOYMENT_TARGET = 16.0;
				LD_RUNPATH_SEARCH_PATHS = "@executable_path/Frameworks";
				"LD_RUNPATH_SEARCH_PATHS[sdk=macosx*]" = "@executable_path/../Frameworks";
				MACOSX_DEPLOYMENT_TARGET = 12.3;
				MARKETING_VERSION = 1.0;
				PRODUCT_BUNDLE_IDENTIFIER = "dk.dtu.compute.Epilepsy-ECG";
				PRODUCT_NAME = "$(TARGET_NAME)";
				SDKROOT = auto;
				SUPPORTED_PLATFORMS = "iphoneos iphonesimulator";
				SUPPORTS_MACCATALYST = NO;
				SUPPORTS_MAC_DESIGNED_FOR_IPHONE_IPAD = NO;
				SWIFT_EMIT_LOC_STRINGS = YES;
				SWIFT_VERSION = 5.0;
				TARGETED_DEVICE_FAMILY = "1,2";
			};
			name = Release;
		};
/* End XCBuildConfiguration section */

/* Begin XCConfigurationList section */
		E25B787829B4D4D500527F4A /* Build configuration list for PBXProject "Epilepsy-ECG" */ = {
			isa = XCConfigurationList;
			buildConfigurations = (
				E25B788A29B4D4D600527F4A /* Debug */,
				E25B788B29B4D4D600527F4A /* Release */,
			);
			defaultConfigurationIsVisible = 0;
			defaultConfigurationName = Release;
		};
		E25B788C29B4D4D600527F4A /* Build configuration list for PBXNativeTarget "Epilepsy-ECG" */ = {
			isa = XCConfigurationList;
			buildConfigurations = (
				E25B788D29B4D4D600527F4A /* Debug */,
				E25B788E29B4D4D600527F4A /* Release */,
			);
			defaultConfigurationIsVisible = 0;
			defaultConfigurationName = Release;
		};
/* End XCConfigurationList section */

/* Begin XCRemoteSwiftPackageReference section */
		2AB8EAD629E078C1004AC5D6 /* XCRemoteSwiftPackageReference "swift-dependencies" */ = {
			isa = XCRemoteSwiftPackageReference;
			repositoryURL = "https://github.com/pointfreeco/swift-dependencies";
			requirement = {
				kind = upToNextMajorVersion;
				minimumVersion = 0.2.0;
			};
		};
/* End XCRemoteSwiftPackageReference section */

/* Begin XCSwiftPackageProductDependency section */
		2AB8EAD729E078C1004AC5D6 /* Dependencies */ = {
			isa = XCSwiftPackageProductDependency;
			package = 2AB8EAD629E078C1004AC5D6 /* XCRemoteSwiftPackageReference "swift-dependencies" */;
			productName = Dependencies;
		};
		2AB8EADA29E07A70004AC5D6 /* BluetoothClient */ = {
			isa = XCSwiftPackageProductDependency;
			productName = BluetoothClient;
		};
		2AB9D95B29FF300B00D8E8E7 /* StylePackage */ = {
			isa = XCSwiftPackageProductDependency;
			productName = StylePackage;
		};
		2ADC9D2929FFF7ED000B412F /* HomeTabbar */ = {
			isa = XCSwiftPackageProductDependency;
			productName = HomeTabbar;
		};
		2ADC9D2B2A001354000B412F /* AddDevice */ = {
			isa = XCSwiftPackageProductDependency;
			productName = AddDevice;
		};
		2ADC9D312A03BD1C000B412F /* PersistenceClient */ = {
			isa = XCSwiftPackageProductDependency;
			productName = PersistenceClient;
		};
/* End XCSwiftPackageProductDependency section */
	};
	rootObject = E25B787529B4D4D500527F4A /* Project object */;
}
